
Microsoft Visual Studio Solution File, Format Version 12.00
# Visual Studio Version 17
VisualStudioVersion = 17.5.33502.453
MinimumVisualStudioVersion = 10.0.40219.1
Project("{FAE04EC0-301F-11D3-BF4B-00C04F79EFBC}") = "FoodOrderingApi", "FoodOrderingApi.csproj", "{4BE56C9C-1EEE-4690-9E41-1B82737E64A2}"
EndProject
Global
	GlobalSection(SolutionConfigurationPlatforms) = preSolution
		Debug|Any CPU = Debug|Any CPU
		Release|Any CPU = Release|Any CPU
	EndGlobalSection
	GlobalSection(ProjectConfigurationPlatforms) = postSolution
		{4BE56C9C-1EEE-4690-9E41-1B82737E64A2}.Debug|Any CPU.ActiveCfg = Debug|Any CPU
		{4BE56C9C-1EEE-4690-9E41-1B82737E64A2}.Debug|Any CPU.Build.0 = Debug|Any CPU
		{4BE56C9C-1EEE-4690-9E41-1B82737E64A2}.Release|Any CPU.ActiveCfg = Release|Any CPU
		{4BE56C9C-1EEE-4690-9E41-1B82737E64A2}.Release|Any CPU.Build.0 = Release|Any CPU
	EndGlobalSection
	GlobalSection(SolutionProperties) = preSolution
		HideSolutionNode = FALSE
	EndGlobalSection
	GlobalSection(ExtensibilityGlobals) = postSolution
		SolutionGuid = {AB782F5B-4A8B-46DC-A964-B944026E2E6D}
	EndGlobalSection
EndGlobal
